
Microsoft Visual Studio Solution File, Format Version 12.00
# Visual Studio Version 17
VisualStudioVersion = 17.7.34221.43
MinimumVisualStudioVersion = 10.0.40219.1
Project("{FAE04EC0-301F-11D3-BF4B-00C04F79EFBC}") = "PPmedArthur", "PPmedArthur.csproj", "{22C42E1E-D6F4-4C5B-BEE8-536787390CEA}"
EndProject
Project("{2150E333-8FDC-42A3-9474-1A3956D46DE8}") = "Solution Items", "Solution Items", "{59E2E98E-9AE6-4A45-A226-FC05005068DF}"
	ProjectSection(SolutionItems) = preProject
		Class1.cs = Class1.cs
	EndProjectSection
EndProject
Global
	GlobalSection(SolutionConfigurationPlatforms) = preSolution
		Debug|Any CPU = Debug|Any CPU
		Release|Any CPU = Release|Any CPU
	EndGlobalSection
	GlobalSection(ProjectConfigurationPlatforms) = postSolution
		{22C42E1E-D6F4-4C5B-BEE8-536787390CEA}.Debug|Any CPU.ActiveCfg = Debug|Any CPU
		{22C42E1E-D6F4-4C5B-BEE8-536787390CEA}.Debug|Any CPU.Build.0 = Debug|Any CPU
		{22C42E1E-D6F4-4C5B-BEE8-536787390CEA}.Release|Any CPU.ActiveCfg = Release|Any CPU
		{22C42E1E-D6F4-4C5B-BEE8-536787390CEA}.Release|Any CPU.Build.0 = Release|Any CPU
	EndGlobalSection
	GlobalSection(SolutionProperties) = preSolution
		HideSolutionNode = FALSE
	EndGlobalSection
	GlobalSection(ExtensibilityGlobals) = postSolution
		SolutionGuid = {BFB28CA3-18EE-4756-B637-003BB4185551}
	EndGlobalSection
EndGlobal
